
Microsoft Visual Studio Solution File, Format Version 12.00
# Visual Studio Version 17
VisualStudioVersion = 17.13.35828.75
MinimumVisualStudioVersion = 10.0.40219.1
Project("{FAE04EC0-301F-11D3-BF4B-00C04F79EFBC}") = "FruitsEcommerce", "FruitsEcommerce\FruitsEcommerce.csproj", "{5A3EBB6E-5094-4E22-9CF8-F67F96333F14}"
EndProject
Project("{FAE04EC0-301F-11D3-BF4B-00C04F79EFBC}") = "BusinessLayer", "BusinessLayer\BusinessLayer.csproj", "{6AA11F8C-239B-4975-8173-9F8F3C699B9B}"
EndProject
Project("{FAE04EC0-301F-11D3-BF4B-00C04F79EFBC}") = "DataAccessLayer", "DataAccessLayer\DataAccessLayer.csproj", "{C6FE0965-B2D4-43AF-A5D7-95564BAC6D01}"
EndProject
Global
	GlobalSection(SolutionConfigurationPlatforms) = preSolution
		Debug|Any CPU = Debug|Any CPU
		Release|Any CPU = Release|Any CPU
	EndGlobalSection
	GlobalSection(ProjectConfigurationPlatforms) = postSolution
		{5A3EBB6E-5094-4E22-9CF8-F67F96333F14}.Debug|Any CPU.ActiveCfg = Debug|Any CPU
		{5A3EBB6E-5094-4E22-9CF8-F67F96333F14}.Debug|Any CPU.Build.0 = Debug|Any CPU
		{5A3EBB6E-5094-4E22-9CF8-F67F96333F14}.Release|Any CPU.ActiveCfg = Release|Any CPU
		{5A3EBB6E-5094-4E22-9CF8-F67F96333F14}.Release|Any CPU.Build.0 = Release|Any CPU
		{6AA11F8C-239B-4975-8173-9F8F3C699B9B}.Debug|Any CPU.ActiveCfg = Debug|Any CPU
		{6AA11F8C-239B-4975-8173-9F8F3C699B9B}.Debug|Any CPU.Build.0 = Debug|Any CPU
		{6AA11F8C-239B-4975-8173-9F8F3C699B9B}.Release|Any CPU.ActiveCfg = Release|Any CPU
		{6AA11F8C-239B-4975-8173-9F8F3C699B9B}.Release|Any CPU.Build.0 = Release|Any CPU
		{C6FE0965-B2D4-43AF-A5D7-95564BAC6D01}.Debug|Any CPU.ActiveCfg = Debug|Any CPU
		{C6FE0965-B2D4-43AF-A5D7-95564BAC6D01}.Debug|Any CPU.Build.0 = Debug|Any CPU
		{C6FE0965-B2D4-43AF-A5D7-95564BAC6D01}.Release|Any CPU.ActiveCfg = Release|Any CPU
		{C6FE0965-B2D4-43AF-A5D7-95564BAC6D01}.Release|Any CPU.Build.0 = Release|Any CPU
	EndGlobalSection
	GlobalSection(SolutionProperties) = preSolution
		HideSolutionNode = FALSE
	EndGlobalSection
	GlobalSection(ExtensibilityGlobals) = postSolution
		SolutionGuid = {540F5D57-FF90-4C65-9AF5-4B941032C657}
	EndGlobalSection
EndGlobal
